
Microsoft Visual Studio Solution File, Format Version 12.00
# Visual Studio 15
VisualStudioVersion = 15.0.28307.421
MinimumVisualStudioVersion = 10.0.40219.1
Project("{FAE04EC0-301F-11D3-BF4B-00C04F79EFBC}") = "tbs_sdk_withfilereader", "tbs_sdk_withfilereader\tbs_sdk_withfilereader.csproj", "{32FE72C7-AD42-42E3-A577-910F398066EF}"
EndProject
Project("{FAE04EC0-301F-11D3-BF4B-00C04F79EFBC}") = "tbs_app", "tbs_app\tbs_app.csproj", "{5B6D93BF-4965-4CC9-9915-63AAEDDE18D0}"
EndProject
Project("{FAE04EC0-301F-11D3-BF4B-00C04F79EFBC}") = "tbs_sdk", "tbs_sdk\tbs_sdk.csproj", "{AF693C6E-C157-43F6-BCB4-A7F79CA33B21}"
EndProject
Project("{FAE04EC0-301F-11D3-BF4B-00C04F79EFBC}") = "tbs_sdk_ios", "tbs_sdk_ios\tbs_sdk_ios.csproj", "{0DBD983F-BD8F-4BD6-B08A-AD28457D35EF}"
EndProject
Global
	GlobalSection(SolutionConfigurationPlatforms) = preSolution
		Debug|Any CPU = Debug|Any CPU
		Release|Any CPU = Release|Any CPU
	EndGlobalSection
	GlobalSection(ProjectConfigurationPlatforms) = postSolution
		{32FE72C7-AD42-42E3-A577-910F398066EF}.Debug|Any CPU.ActiveCfg = Debug|Any CPU
		{32FE72C7-AD42-42E3-A577-910F398066EF}.Debug|Any CPU.Build.0 = Debug|Any CPU
		{32FE72C7-AD42-42E3-A577-910F398066EF}.Release|Any CPU.ActiveCfg = Release|Any CPU
		{32FE72C7-AD42-42E3-A577-910F398066EF}.Release|Any CPU.Build.0 = Release|Any CPU
		{5B6D93BF-4965-4CC9-9915-63AAEDDE18D0}.Debug|Any CPU.ActiveCfg = Debug|Any CPU
		{5B6D93BF-4965-4CC9-9915-63AAEDDE18D0}.Debug|Any CPU.Build.0 = Debug|Any CPU
		{5B6D93BF-4965-4CC9-9915-63AAEDDE18D0}.Debug|Any CPU.Deploy.0 = Debug|Any CPU
		{5B6D93BF-4965-4CC9-9915-63AAEDDE18D0}.Release|Any CPU.ActiveCfg = Release|Any CPU
		{5B6D93BF-4965-4CC9-9915-63AAEDDE18D0}.Release|Any CPU.Build.0 = Release|Any CPU
		{5B6D93BF-4965-4CC9-9915-63AAEDDE18D0}.Release|Any CPU.Deploy.0 = Release|Any CPU
		{AF693C6E-C157-43F6-BCB4-A7F79CA33B21}.Debug|Any CPU.ActiveCfg = Debug|Any CPU
		{AF693C6E-C157-43F6-BCB4-A7F79CA33B21}.Debug|Any CPU.Build.0 = Debug|Any CPU
		{AF693C6E-C157-43F6-BCB4-A7F79CA33B21}.Release|Any CPU.ActiveCfg = Release|Any CPU
		{AF693C6E-C157-43F6-BCB4-A7F79CA33B21}.Release|Any CPU.Build.0 = Release|Any CPU
		{0DBD983F-BD8F-4BD6-B08A-AD28457D35EF}.Debug|Any CPU.ActiveCfg = Debug|Any CPU
		{0DBD983F-BD8F-4BD6-B08A-AD28457D35EF}.Debug|Any CPU.Build.0 = Debug|Any CPU
		{0DBD983F-BD8F-4BD6-B08A-AD28457D35EF}.Release|Any CPU.ActiveCfg = Release|Any CPU
		{0DBD983F-BD8F-4BD6-B08A-AD28457D35EF}.Release|Any CPU.Build.0 = Release|Any CPU
	EndGlobalSection
	GlobalSection(SolutionProperties) = preSolution
		HideSolutionNode = FALSE
	EndGlobalSection
	GlobalSection(ExtensibilityGlobals) = postSolution
		SolutionGuid = {46875BCD-5E95-4CA7-B8EE-77A9823FD3D6}
	EndGlobalSection
EndGlobal
